
Microsoft Visual Studio Solution File, Format Version 12.00
# Visual Studio 15
VisualStudioVersion = 15.0.28307.1259
MinimumVisualStudioVersion = 10.0.40219.1
Project("{8BC9CEB8-8B4A-11D0-8D11-00A0C91BC942}") = "ConsoleApplication12", "ConsoleApplication12\ConsoleApplication12.vcxproj", "{69ED5C42-4722-4B08-BF3B-080ABA1367E4}"
EndProject
Global
	GlobalSection(SolutionConfigurationPlatforms) = preSolution
		Debug|x64 = Debug|x64
		Debug|x86 = Debug|x86
		Release|x64 = Release|x64
		Release|x86 = Release|x86
	EndGlobalSection
	GlobalSection(ProjectConfigurationPlatforms) = postSolution
		{69ED5C42-4722-4B08-BF3B-080ABA1367E4}.Debug|x64.ActiveCfg = Debug|x64
		{69ED5C42-4722-4B08-BF3B-080ABA1367E4}.Debug|x64.Build.0 = Debug|x64
		{69ED5C42-4722-4B08-BF3B-080ABA1367E4}.Debug|x86.ActiveCfg = Debug|Win32
		{69ED5C42-4722-4B08-BF3B-080ABA1367E4}.Debug|x86.Build.0 = Debug|Win32
		{69ED5C42-4722-4B08-BF3B-080ABA1367E4}.Release|x64.ActiveCfg = Release|x64
		{69ED5C42-4722-4B08-BF3B-080ABA1367E4}.Release|x64.Build.0 = Release|x64
		{69ED5C42-4722-4B08-BF3B-080ABA1367E4}.Release|x86.ActiveCfg = Release|Win32
		{69ED5C42-4722-4B08-BF3B-080ABA1367E4}.Release|x86.Build.0 = Release|Win32
	EndGlobalSection
	GlobalSection(SolutionProperties) = preSolution
		HideSolutionNode = FALSE
	EndGlobalSection
	GlobalSection(ExtensibilityGlobals) = postSolution
		SolutionGuid = {FB56B2D3-87CD-482D-8C48-04195AC27694}
	EndGlobalSection
EndGlobal
