
Microsoft Visual Studio Solution File, Format Version 12.00
# Visual Studio 15
VisualStudioVersion = 15.0.28307.1259
MinimumVisualStudioVersion = 10.0.40219.1
Project("{8BC9CEB8-8B4A-11D0-8D11-00A0C91BC942}") = "ConsoleApplication15", "ConsoleApplication15\ConsoleApplication15.vcxproj", "{EB11D16E-9BAF-4E8D-9EBE-10DF2FCB8ABF}"
EndProject
Global
	GlobalSection(SolutionConfigurationPlatforms) = preSolution
		Debug|x64 = Debug|x64
		Debug|x86 = Debug|x86
		Release|x64 = Release|x64
		Release|x86 = Release|x86
	EndGlobalSection
	GlobalSection(ProjectConfigurationPlatforms) = postSolution
		{EB11D16E-9BAF-4E8D-9EBE-10DF2FCB8ABF}.Debug|x64.ActiveCfg = Debug|x64
		{EB11D16E-9BAF-4E8D-9EBE-10DF2FCB8ABF}.Debug|x64.Build.0 = Debug|x64
		{EB11D16E-9BAF-4E8D-9EBE-10DF2FCB8ABF}.Debug|x86.ActiveCfg = Debug|Win32
		{EB11D16E-9BAF-4E8D-9EBE-10DF2FCB8ABF}.Debug|x86.Build.0 = Debug|Win32
		{EB11D16E-9BAF-4E8D-9EBE-10DF2FCB8ABF}.Release|x64.ActiveCfg = Release|x64
		{EB11D16E-9BAF-4E8D-9EBE-10DF2FCB8ABF}.Release|x64.Build.0 = Release|x64
		{EB11D16E-9BAF-4E8D-9EBE-10DF2FCB8ABF}.Release|x86.ActiveCfg = Release|Win32
		{EB11D16E-9BAF-4E8D-9EBE-10DF2FCB8ABF}.Release|x86.Build.0 = Release|Win32
	EndGlobalSection
	GlobalSection(SolutionProperties) = preSolution
		HideSolutionNode = FALSE
	EndGlobalSection
	GlobalSection(ExtensibilityGlobals) = postSolution
		SolutionGuid = {5EDB23AB-5B7D-4971-8D16-F01982544456}
	EndGlobalSection
EndGlobal
